
Microsoft Visual Studio Solution File, Format Version 12.00
# Visual Studio Version 17
VisualStudioVersion = 17.3.32901.215
MinimumVisualStudioVersion = 10.0.40219.1
Project("{9A19103F-16F7-4668-BE54-9A1E7A4F7556}") = "SpendlessBlazor", "SpendlessBlazor\SpendlessBlazor.csproj", "{5533F905-4F8E-472D-A32D-9CA7CFE443E9}"
EndProject
Global
	GlobalSection(SolutionConfigurationPlatforms) = preSolution
		Debug|Any CPU = Debug|Any CPU
		Release|Any CPU = Release|Any CPU
	EndGlobalSection
	GlobalSection(ProjectConfigurationPlatforms) = postSolution
		{5533F905-4F8E-472D-A32D-9CA7CFE443E9}.Debug|Any CPU.ActiveCfg = Debug|Any CPU
		{5533F905-4F8E-472D-A32D-9CA7CFE443E9}.Debug|Any CPU.Build.0 = Debug|Any CPU
		{5533F905-4F8E-472D-A32D-9CA7CFE443E9}.Release|Any CPU.ActiveCfg = Release|Any CPU
		{5533F905-4F8E-472D-A32D-9CA7CFE443E9}.Release|Any CPU.Build.0 = Release|Any CPU
	EndGlobalSection
	GlobalSection(SolutionProperties) = preSolution
		HideSolutionNode = FALSE
	EndGlobalSection
	GlobalSection(ExtensibilityGlobals) = postSolution
		SolutionGuid = {7F57D006-4B1E-4233-BA4D-67373B58FE41}
	EndGlobalSection
EndGlobal
